
Microsoft Visual Studio Solution File, Format Version 12.00
# Visual Studio Version 17
VisualStudioVersion = 17.7.34024.191
MinimumVisualStudioVersion = 10.0.40219.1
Project("{FAE04EC0-301F-11D3-BF4B-00C04F79EFBC}") = "Epicode_S3_L4_BackEnd", "Epicode_S3_L4_BackEnd\Epicode_S3_L4_BackEnd.csproj", "{2C02DE8F-E4E3-496B-8154-1C143AFC8772}"
EndProject
Global
	GlobalSection(SolutionConfigurationPlatforms) = preSolution
		Debug|Any CPU = Debug|Any CPU
		Release|Any CPU = Release|Any CPU
	EndGlobalSection
	GlobalSection(ProjectConfigurationPlatforms) = postSolution
		{2C02DE8F-E4E3-496B-8154-1C143AFC8772}.Debug|Any CPU.ActiveCfg = Debug|Any CPU
		{2C02DE8F-E4E3-496B-8154-1C143AFC8772}.Debug|Any CPU.Build.0 = Debug|Any CPU
		{2C02DE8F-E4E3-496B-8154-1C143AFC8772}.Release|Any CPU.ActiveCfg = Release|Any CPU
		{2C02DE8F-E4E3-496B-8154-1C143AFC8772}.Release|Any CPU.Build.0 = Release|Any CPU
	EndGlobalSection
	GlobalSection(SolutionProperties) = preSolution
		HideSolutionNode = FALSE
	EndGlobalSection
	GlobalSection(ExtensibilityGlobals) = postSolution
		SolutionGuid = {2E313A4A-0341-49A8-A11D-F077DF7867EB}
	EndGlobalSection
EndGlobal
